
Microsoft Visual Studio Solution File, Format Version 12.00
# Visual Studio Version 16
VisualStudioVersion = 16.0.33927.289
MinimumVisualStudioVersion = 10.0.40219.1
Project("{FAE04EC0-301F-11D3-BF4B-00C04F79EFBC}") = "calculator", "calculator\calculator.csproj", "{EF8E95F2-62CA-4C61-90C1-517EC4296583}"
EndProject
Global
	GlobalSection(SolutionConfigurationPlatforms) = preSolution
		Debug|Any CPU = Debug|Any CPU
		Release|Any CPU = Release|Any CPU
	EndGlobalSection
	GlobalSection(ProjectConfigurationPlatforms) = postSolution
		{EF8E95F2-62CA-4C61-90C1-517EC4296583}.Debug|Any CPU.ActiveCfg = Debug|Any CPU
		{EF8E95F2-62CA-4C61-90C1-517EC4296583}.Debug|Any CPU.Build.0 = Debug|Any CPU
		{EF8E95F2-62CA-4C61-90C1-517EC4296583}.Release|Any CPU.ActiveCfg = Release|Any CPU
		{EF8E95F2-62CA-4C61-90C1-517EC4296583}.Release|Any CPU.Build.0 = Release|Any CPU
	EndGlobalSection
	GlobalSection(SolutionProperties) = preSolution
		HideSolutionNode = FALSE
	EndGlobalSection
	GlobalSection(ExtensibilityGlobals) = postSolution
		SolutionGuid = {21F345A7-8786-479E-AFE4-4790EFB81B60}
	EndGlobalSection
EndGlobal
